
Microsoft Visual Studio Solution File, Format Version 12.00
# Visual Studio Version 16
VisualStudioVersion = 16.0.29709.97
MinimumVisualStudioVersion = 10.0.40219.1
Project("{FAE04EC0-301F-11D3-BF4B-00C04F79EFBC}") = "Asamblea-BE", "Asamblea-BE.csproj", "{D7483BF2-4429-4C67-BFBF-D7AC8EAC77AE}"
EndProject
Global
	GlobalSection(SolutionConfigurationPlatforms) = preSolution
		Debug|Any CPU = Debug|Any CPU
		Release|Any CPU = Release|Any CPU
	EndGlobalSection
	GlobalSection(ProjectConfigurationPlatforms) = postSolution
		{D7483BF2-4429-4C67-BFBF-D7AC8EAC77AE}.Debug|Any CPU.ActiveCfg = Debug|Any CPU
		{D7483BF2-4429-4C67-BFBF-D7AC8EAC77AE}.Debug|Any CPU.Build.0 = Debug|Any CPU
		{D7483BF2-4429-4C67-BFBF-D7AC8EAC77AE}.Release|Any CPU.ActiveCfg = Release|Any CPU
		{D7483BF2-4429-4C67-BFBF-D7AC8EAC77AE}.Release|Any CPU.Build.0 = Release|Any CPU
	EndGlobalSection
	GlobalSection(SolutionProperties) = preSolution
		HideSolutionNode = FALSE
	EndGlobalSection
	GlobalSection(ExtensibilityGlobals) = postSolution
		SolutionGuid = {4EDF272B-5A47-49F4-9434-5F9B1F8C8868}
	EndGlobalSection
EndGlobal
